{
  "originHash" : "4260535b71622f8708be7942284cb96a5794d3821ebe473f629869de0f1ab9e1",
  "pins" : [
    {
      "identity" : "grdb.swift",
      "kind" : "remoteSourceControl",
      "location" : "https://github.com/groue/GRDB.swift",
      "state" : {
        "revision" : "18497b68fdbb3a09528d260a0a0e1e7e61c8c53d",
        "version" : "7.8.0"
      }
    }
  ],
  "version" : 3
}
